// !$*UTF8*$!
{
	archiveVersion = 1;
	classes = {
	};
	objectVersion = 50;
	objects = {

/* Begin PBXBuildFile section */
		56094E7E223549B700635453 /* AppsPageController.swift in Sources */ = {isa = PBXBuildFile; fileRef = 56094E7D223549B700635453 /* AppsPageController.swift */; };
		56094E8022354A4300635453 /* BaseListController.swift in Sources */ = {isa = PBXBuildFile; fileRef = 56094E7F22354A4300635453 /* BaseListController.swift */; };
		5616A8BD22303B0900B34A64 /* Service.swift in Sources */ = {isa = PBXBuildFile; fileRef = 5616A8BC22303B0900B34A64 /* Service.swift */; };
		562D78D12236EF2D00CDA9EC /* AppsGroupCell.swift in Sources */ = {isa = PBXBuildFile; fileRef = 562D78D02236EF2D00CDA9EC /* AppsGroupCell.swift */; };
		562D78D32236FCB200CDA9EC /* AppsHorizontalController.swift in Sources */ = {isa = PBXBuildFile; fileRef = 562D78D22236FCB200CDA9EC /* AppsHorizontalController.swift */; };
		563B2CBF2243E5A100419364 /* AppPreviewCell.swift in Sources */ = {isa = PBXBuildFile; fileRef = 563B2CBE2243E5A100419364 /* AppPreviewCell.swift */; };
		564F7EF322456768001A636E /* PreviewScreenshotsController.swift in Sources */ = {isa = PBXBuildFile; fileRef = 564F7EF222456768001A636E /* PreviewScreenshotsController.swift */; };
		564F7EF522456CB9001A636E /* ScreenshotCell.swift in Sources */ = {isa = PBXBuildFile; fileRef = 564F7EF422456CB9001A636E /* ScreenshotCell.swift */; };
		56504906223D3FDE002BADA1 /* HorizontalSnappingController.swift in Sources */ = {isa = PBXBuildFile; fileRef = 56504905223D3FDE002BADA1 /* HorizontalSnappingController.swift */; };
		56504908223D46E4002BADA1 /* BetterSnappingLayout.swift in Sources */ = {isa = PBXBuildFile; fileRef = 56504907223D46E4002BADA1 /* BetterSnappingLayout.swift */; };
		5679587B222ED10100A8353A /* SearchResult.swift in Sources */ = {isa = PBXBuildFile; fileRef = 5679587A222ED10100A8353A /* SearchResult.swift */; };
		5681F7802247DC8F00D97D30 /* Reviews.swift in Sources */ = {isa = PBXBuildFile; fileRef = 5681F77F2247DC8F00D97D30 /* Reviews.swift */; };
		568622582258F420009777D1 /* TodayController.swift in Sources */ = {isa = PBXBuildFile; fileRef = 568622572258F420009777D1 /* TodayController.swift */; };
		5686225B2258F4A5009777D1 /* TodayCell.swift in Sources */ = {isa = PBXBuildFile; fileRef = 5686225A2258F4A5009777D1 /* TodayCell.swift */; };
		5686225D225904D6009777D1 /* AppFullScreenController.swift in Sources */ = {isa = PBXBuildFile; fileRef = 5686225C225904D6009777D1 /* AppFullScreenController.swift */; };
		5686225F22590935009777D1 /* AppFullScreenDescriptionCell.swift in Sources */ = {isa = PBXBuildFile; fileRef = 5686225E22590935009777D1 /* AppFullScreenDescriptionCell.swift */; };
		56908780223E9737001658F0 /* AppDetailController.swift in Sources */ = {isa = PBXBuildFile; fileRef = 5690877F223E9737001658F0 /* AppDetailController.swift */; };
		56957C89224726DD00355DDD /* ReviewRollCell.swift in Sources */ = {isa = PBXBuildFile; fileRef = 56957C88224726DD00355DDD /* ReviewRollCell.swift */; };
		56957C8B22472B1800355DDD /* ReviewsController.swift in Sources */ = {isa = PBXBuildFile; fileRef = 56957C8A22472B1800355DDD /* ReviewsController.swift */; };
		56957C8D22472D5F00355DDD /* ReviewCell.swift in Sources */ = {isa = PBXBuildFile; fileRef = 56957C8C22472D5F00355DDD /* ReviewCell.swift */; };
		56A63FE9222C1FB40019F9AD /* SearchResultCell.swift in Sources */ = {isa = PBXBuildFile; fileRef = 56A63FE8222C1FB40019F9AD /* SearchResultCell.swift */; };
		56A63FEC222C35510019F9AD /* UIView+Layout.swift in Sources */ = {isa = PBXBuildFile; fileRef = 56A63FEB222C35510019F9AD /* UIView+Layout.swift */; };
		56A63FEE222C3A440019F9AD /* VerticalStackView.swift in Sources */ = {isa = PBXBuildFile; fileRef = 56A63FED222C3A440019F9AD /* VerticalStackView.swift */; };
		56AAF6D5222B144F006F508E /* AppDelegate.swift in Sources */ = {isa = PBXBuildFile; fileRef = 56AAF6D4222B144F006F508E /* AppDelegate.swift */; };
		56AAF6D7222B144F006F508E /* ViewController.swift in Sources */ = {isa = PBXBuildFile; fileRef = 56AAF6D6222B144F006F508E /* ViewController.swift */; };
		56AAF6DA222B144F006F508E /* Main.storyboard in Resources */ = {isa = PBXBuildFile; fileRef = 56AAF6D8222B144F006F508E /* Main.storyboard */; };
		56AAF6DC222B1450006F508E /* Assets.xcassets in Resources */ = {isa = PBXBuildFile; fileRef = 56AAF6DB222B1450006F508E /* Assets.xcassets */; };
		56AAF6DF222B1450006F508E /* LaunchScreen.storyboard in Resources */ = {isa = PBXBuildFile; fileRef = 56AAF6DD222B1450006F508E /* LaunchScreen.storyboard */; };
		56AAF6E7222B152B006F508E /* BaseTabBarController.swift in Sources */ = {isa = PBXBuildFile; fileRef = 56AAF6E6222B152B006F508E /* BaseTabBarController.swift */; };
		56AAF6EA222B2BA9006F508E /* AppSearchController.swift in Sources */ = {isa = PBXBuildFile; fileRef = 56AAF6E9222B2BA9006F508E /* AppSearchController.swift */; };
		56B774572237FAC600EF6FC7 /* AppGroup.swift in Sources */ = {isa = PBXBuildFile; fileRef = 56B774562237FAC600EF6FC7 /* AppGroup.swift */; };
		56DC49CB2239565900663B97 /* SocialApp.swift in Sources */ = {isa = PBXBuildFile; fileRef = 56DC49CA2239565900663B97 /* SocialApp.swift */; };
		56EDB14D223712D500577ACC /* AppRowCell.swift in Sources */ = {isa = PBXBuildFile; fileRef = 56EDB14C223712D500577ACC /* AppRowCell.swift */; };
		56EDB14F2237137F00577ACC /* Extensions.swift in Sources */ = {isa = PBXBuildFile; fileRef = 56EDB14E2237137F00577ACC /* Extensions.swift */; };
		56EDB15122371EDC00577ACC /* AppsPageHeader.swift in Sources */ = {isa = PBXBuildFile; fileRef = 56EDB15022371EDC00577ACC /* AppsPageHeader.swift */; };
		56EDB153223721C700577ACC /* AppsHeaderHorizontalController.swift in Sources */ = {isa = PBXBuildFile; fileRef = 56EDB152223721C700577ACC /* AppsHeaderHorizontalController.swift */; };
		56EDB1552237237700577ACC /* AppsHeaderCell.swift in Sources */ = {isa = PBXBuildFile; fileRef = 56EDB1542237237700577ACC /* AppsHeaderCell.swift */; };
		56F4A19122404D5200E8D64B /* AppDetailCell.swift in Sources */ = {isa = PBXBuildFile; fileRef = 56F4A19022404D5200E8D64B /* AppDetailCell.swift */; };
		F291A063CE81B81448BB9135 /* Pods_VAppStore.framework in Frameworks */ = {isa = PBXBuildFile; fileRef = 6573B21A7C4BF83A77EC4791 /* Pods_VAppStore.framework */; };
/* End PBXBuildFile section */

/* Begin PBXFileReference section */
		000183414F9620A9748E22DE /* Pods-VAppStore.release.xcconfig */ = {isa = PBXFileReference; includeInIndex = 1; lastKnownFileType = text.xcconfig; name = "Pods-VAppStore.release.xcconfig"; path = "Pods/Target Support Files/Pods-VAppStore/Pods-VAppStore.release.xcconfig"; sourceTree = "<group>"; };
		56094E7D223549B700635453 /* AppsPageController.swift */ = {isa = PBXFileReference; lastKnownFileType = sourcecode.swift; path = AppsPageController.swift; sourceTree = "<group>"; };
		56094E7F22354A4300635453 /* BaseListController.swift */ = {isa = PBXFileReference; lastKnownFileType = sourcecode.swift; path = BaseListController.swift; sourceTree = "<group>"; };
		5616A8BC22303B0900B34A64 /* Service.swift */ = {isa = PBXFileReference; lastKnownFileType = sourcecode.swift; path = Service.swift; sourceTree = "<group>"; };
		562D78D02236EF2D00CDA9EC /* AppsGroupCell.swift */ = {isa = PBXFileReference; lastKnownFileType = sourcecode.swift; path = AppsGroupCell.swift; sourceTree = "<group>"; };
		562D78D22236FCB200CDA9EC /* AppsHorizontalController.swift */ = {isa = PBXFileReference; lastKnownFileType = sourcecode.swift; path = AppsHorizontalController.swift; sourceTree = "<group>"; };
		563B2CBE2243E5A100419364 /* AppPreviewCell.swift */ = {isa = PBXFileReference; lastKnownFileType = sourcecode.swift; path = AppPreviewCell.swift; sourceTree = "<group>"; };
		564F7EF222456768001A636E /* PreviewScreenshotsController.swift */ = {isa = PBXFileReference; lastKnownFileType = sourcecode.swift; path = PreviewScreenshotsController.swift; sourceTree = "<group>"; };
		564F7EF422456CB9001A636E /* ScreenshotCell.swift */ = {isa = PBXFileReference; lastKnownFileType = sourcecode.swift; path = ScreenshotCell.swift; sourceTree = "<group>"; };
		56504905223D3FDE002BADA1 /* HorizontalSnappingController.swift */ = {isa = PBXFileReference; lastKnownFileType = sourcecode.swift; path = HorizontalSnappingController.swift; sourceTree = "<group>"; };
		56504907223D46E4002BADA1 /* BetterSnappingLayout.swift */ = {isa = PBXFileReference; lastKnownFileType = sourcecode.swift; path = BetterSnappingLayout.swift; sourceTree = "<group>"; };
		5679587A222ED10100A8353A /* SearchResult.swift */ = {isa = PBXFileReference; lastKnownFileType = sourcecode.swift; path = SearchResult.swift; sourceTree = "<group>"; };
		5681F77F2247DC8F00D97D30 /* Reviews.swift */ = {isa = PBXFileReference; lastKnownFileType = sourcecode.swift; path = Reviews.swift; sourceTree = "<group>"; };
		568622572258F420009777D1 /* TodayController.swift */ = {isa = PBXFileReference; lastKnownFileType = sourcecode.swift; path = TodayController.swift; sourceTree = "<group>"; };
		5686225A2258F4A5009777D1 /* TodayCell.swift */ = {isa = PBXFileReference; lastKnownFileType = sourcecode.swift; path = TodayCell.swift; sourceTree = "<group>"; };
		5686225C225904D6009777D1 /* AppFullScreenController.swift */ = {isa = PBXFileReference; lastKnownFileType = sourcecode.swift; path = AppFullScreenController.swift; sourceTree = "<group>"; };
		5686225E22590935009777D1 /* AppFullScreenDescriptionCell.swift */ = {isa = PBXFileReference; lastKnownFileType = sourcecode.swift; path = AppFullScreenDescriptionCell.swift; sourceTree = "<group>"; };
		5690877F223E9737001658F0 /* AppDetailController.swift */ = {isa = PBXFileReference; lastKnownFileType = sourcecode.swift; path = AppDetailController.swift; sourceTree = "<group>"; };
		56957C88224726DD00355DDD /* ReviewRollCell.swift */ = {isa = PBXFileReference; lastKnownFileType = sourcecode.swift; path = ReviewRollCell.swift; sourceTree = "<group>"; };
		56957C8A22472B1800355DDD /* ReviewsController.swift */ = {isa = PBXFileReference; lastKnownFileType = sourcecode.swift; path = ReviewsController.swift; sourceTree = "<group>"; };
		56957C8C22472D5F00355DDD /* ReviewCell.swift */ = {isa = PBXFileReference; lastKnownFileType = sourcecode.swift; path = ReviewCell.swift; sourceTree = "<group>"; };
		56A63FE8222C1FB40019F9AD /* SearchResultCell.swift */ = {isa = PBXFileReference; lastKnownFileType = sourcecode.swift; path = SearchResultCell.swift; sourceTree = "<group>"; };
		56A63FEB222C35510019F9AD /* UIView+Layout.swift */ = {isa = PBXFileReference; fileEncoding = 4; lastKnownFileType = sourcecode.swift; path = "UIView+Layout.swift"; sourceTree = "<group>"; };
		56A63FED222C3A440019F9AD /* VerticalStackView.swift */ = {isa = PBXFileReference; lastKnownFileType = sourcecode.swift; path = VerticalStackView.swift; sourceTree = "<group>"; };
		56AAF6D1222B144F006F508E /* VAppStore.app */ = {isa = PBXFileReference; explicitFileType = wrapper.application; includeInIndex = 0; path = VAppStore.app; sourceTree = BUILT_PRODUCTS_DIR; };
		56AAF6D4222B144F006F508E /* AppDelegate.swift */ = {isa = PBXFileReference; lastKnownFileType = sourcecode.swift; path = AppDelegate.swift; sourceTree = "<group>"; };
		56AAF6D6222B144F006F508E /* ViewController.swift */ = {isa = PBXFileReference; lastKnownFileType = sourcecode.swift; path = ViewController.swift; sourceTree = "<group>"; };
		56AAF6D9222B144F006F508E /* Base */ = {isa = PBXFileReference; lastKnownFileType = file.storyboard; name = Base; path = Base.lproj/Main.storyboard; sourceTree = "<group>"; };
		56AAF6DB222B1450006F508E /* Assets.xcassets */ = {isa = PBXFileReference; lastKnownFileType = folder.assetcatalog; path = Assets.xcassets; sourceTree = "<group>"; };
		56AAF6DE222B1450006F508E /* Base */ = {isa = PBXFileReference; lastKnownFileType = file.storyboard; name = Base; path = Base.lproj/LaunchScreen.storyboard; sourceTree = "<group>"; };
		56AAF6E0222B1450006F508E /* Info.plist */ = {isa = PBXFileReference; lastKnownFileType = text.plist.xml; path = Info.plist; sourceTree = "<group>"; };
		56AAF6E6222B152B006F508E /* BaseTabBarController.swift */ = {isa = PBXFileReference; lastKnownFileType = sourcecode.swift; path = BaseTabBarController.swift; sourceTree = "<group>"; };
		56AAF6E9222B2BA9006F508E /* AppSearchController.swift */ = {isa = PBXFileReference; lastKnownFileType = sourcecode.swift; path = AppSearchController.swift; sourceTree = "<group>"; };
		56B774562237FAC600EF6FC7 /* AppGroup.swift */ = {isa = PBXFileReference; lastKnownFileType = sourcecode.swift; path = AppGroup.swift; sourceTree = "<group>"; };
		56DC49CA2239565900663B97 /* SocialApp.swift */ = {isa = PBXFileReference; lastKnownFileType = sourcecode.swift; path = SocialApp.swift; sourceTree = "<group>"; };
		56EDB14C223712D500577ACC /* AppRowCell.swift */ = {isa = PBXFileReference; lastKnownFileType = sourcecode.swift; path = AppRowCell.swift; sourceTree = "<group>"; };
		56EDB14E2237137F00577ACC /* Extensions.swift */ = {isa = PBXFileReference; lastKnownFileType = sourcecode.swift; path = Extensions.swift; sourceTree = "<group>"; };
		56EDB15022371EDC00577ACC /* AppsPageHeader.swift */ = {isa = PBXFileReference; lastKnownFileType = sourcecode.swift; path = AppsPageHeader.swift; sourceTree = "<group>"; };
		56EDB152223721C700577ACC /* AppsHeaderHorizontalController.swift */ = {isa = PBXFileReference; lastKnownFileType = sourcecode.swift; path = AppsHeaderHorizontalController.swift; sourceTree = "<group>"; };
		56EDB1542237237700577ACC /* AppsHeaderCell.swift */ = {isa = PBXFileReference; lastKnownFileType = sourcecode.swift; path = AppsHeaderCell.swift; sourceTree = "<group>"; };
		56F4A19022404D5200E8D64B /* AppDetailCell.swift */ = {isa = PBXFileReference; lastKnownFileType = sourcecode.swift; path = AppDetailCell.swift; sourceTree = "<group>"; };
		6573B21A7C4BF83A77EC4791 /* Pods_VAppStore.framework */ = {isa = PBXFileReference; explicitFileType = wrapper.framework; includeInIndex = 0; path = Pods_VAppStore.framework; sourceTree = BUILT_PRODUCTS_DIR; };
		773C7A5C240A87A3DD8BFE98 /* Pods-VAppStore.debug.xcconfig */ = {isa = PBXFileReference; includeInIndex = 1; lastKnownFileType = text.xcconfig; name = "Pods-VAppStore.debug.xcconfig"; path = "Pods/Target Support Files/Pods-VAppStore/Pods-VAppStore.debug.xcconfig"; sourceTree = "<group>"; };
/* End PBXFileReference section */

/* Begin PBXFrameworksBuildPhase section */
		56AAF6CE222B144F006F508E /* Frameworks */ = {
			isa = PBXFrameworksBuildPhase;
			buildActionMask = 2147483647;
			files = (
				F291A063CE81B81448BB9135 /* Pods_VAppStore.framework in Frameworks */,
			);
			runOnlyForDeploymentPostprocessing = 0;
		};
/* End PBXFrameworksBuildPhase section */

/* Begin PBXGroup section */
		56094E7C223549A500635453 /* Apps */ = {
			isa = PBXGroup;
			children = (
				5690877E223E9728001658F0 /* Details */,
				56094E7D223549B700635453 /* AppsPageController.swift */,
				562D78D22236FCB200CDA9EC /* AppsHorizontalController.swift */,
				56EDB152223721C700577ACC /* AppsHeaderHorizontalController.swift */,
			);
			path = Apps;
			sourceTree = "<group>";
		};
		5616A8BB22303AFB00B34A64 /* Service */ = {
			isa = PBXGroup;
			children = (
				5616A8BC22303B0900B34A64 /* Service.swift */,
			);
			path = Service;
			sourceTree = "<group>";
		};
		562D78CE2236EDB400CDA9EC /* Search */ = {
			isa = PBXGroup;
			children = (
				56AAF6E9222B2BA9006F508E /* AppSearchController.swift */,
			);
			path = Search;
			sourceTree = "<group>";
		};
		562D78CF2236EF1B00CDA9EC /* Apps */ = {
			isa = PBXGroup;
			children = (
				56F4A18F22404D4500E8D64B /* Details */,
				562D78D02236EF2D00CDA9EC /* AppsGroupCell.swift */,
				56EDB14C223712D500577ACC /* AppRowCell.swift */,
				56EDB15022371EDC00577ACC /* AppsPageHeader.swift */,
				56EDB1542237237700577ACC /* AppsHeaderCell.swift */,
			);
			path = Apps;
			sourceTree = "<group>";
		};
		56795879222ED0F400A8353A /* Model */ = {
			isa = PBXGroup;
			children = (
				5679587A222ED10100A8353A /* SearchResult.swift */,
				56B774562237FAC600EF6FC7 /* AppGroup.swift */,
				56DC49CA2239565900663B97 /* SocialApp.swift */,
				5681F77F2247DC8F00D97D30 /* Reviews.swift */,
			);
			path = Model;
			sourceTree = "<group>";
		};
		568622562258F413009777D1 /* Today */ = {
			isa = PBXGroup;
			children = (
				568622572258F420009777D1 /* TodayController.swift */,
				5686225C225904D6009777D1 /* AppFullScreenController.swift */,
			);
			path = Today;
			sourceTree = "<group>";
		};
		568622592258F49E009777D1 /* Today */ = {
			isa = PBXGroup;
			children = (
				5686225A2258F4A5009777D1 /* TodayCell.swift */,
				5686225E22590935009777D1 /* AppFullScreenDescriptionCell.swift */,
			);
			path = Today;
			sourceTree = "<group>";
		};
		5690877E223E9728001658F0 /* Details */ = {
			isa = PBXGroup;
			children = (
				5690877F223E9737001658F0 /* AppDetailController.swift */,
				564F7EF222456768001A636E /* PreviewScreenshotsController.swift */,
				56957C8A22472B1800355DDD /* ReviewsController.swift */,
			);
			path = Details;
			sourceTree = "<group>";
		};
		56A63FE7222C1F9B0019F9AD /* Views */ = {
			isa = PBXGroup;
			children = (
				568622592258F49E009777D1 /* Today */,
				562D78CF2236EF1B00CDA9EC /* Apps */,
				56A63FE8222C1FB40019F9AD /* SearchResultCell.swift */,
			);
			path = Views;
			sourceTree = "<group>";
		};
		56A63FEA222C353C0019F9AD /* Helpers */ = {
			isa = PBXGroup;
			children = (
				56A63FEB222C35510019F9AD /* UIView+Layout.swift */,
				56A63FED222C3A440019F9AD /* VerticalStackView.swift */,
				56EDB14E2237137F00577ACC /* Extensions.swift */,
				56504907223D46E4002BADA1 /* BetterSnappingLayout.swift */,
			);
			path = Helpers;
			sourceTree = "<group>";
		};
		56AAF6C8222B144F006F508E = {
			isa = PBXGroup;
			children = (
				56AAF6D3222B144F006F508E /* VAppStore */,
				56AAF6D2222B144F006F508E /* Products */,
				84FC94B48C2C06E5F602601B /* Pods */,
				B24C95A5961BDC4B47C29B28 /* Frameworks */,
			);
			sourceTree = "<group>";
		};
		56AAF6D2222B144F006F508E /* Products */ = {
			isa = PBXGroup;
			children = (
				56AAF6D1222B144F006F508E /* VAppStore.app */,
			);
			name = Products;
			sourceTree = "<group>";
		};
		56AAF6D3222B144F006F508E /* VAppStore */ = {
			isa = PBXGroup;
			children = (
				5616A8BB22303AFB00B34A64 /* Service */,
				56795879222ED0F400A8353A /* Model */,
				56A63FEA222C353C0019F9AD /* Helpers */,
				56A63FE7222C1F9B0019F9AD /* Views */,
				56AAF6E8222B2B91006F508E /* Controllers */,
				56AAF6D4222B144F006F508E /* AppDelegate.swift */,
				56AAF6D6222B144F006F508E /* ViewController.swift */,
				56AAF6D8222B144F006F508E /* Main.storyboard */,
				56AAF6DB222B1450006F508E /* Assets.xcassets */,
				56AAF6DD222B1450006F508E /* LaunchScreen.storyboard */,
				56AAF6E0222B1450006F508E /* Info.plist */,
			);
			path = VAppStore;
			sourceTree = "<group>";
		};
		56AAF6E8222B2B91006F508E /* Controllers */ = {
			isa = PBXGroup;
			children = (
				568622562258F413009777D1 /* Today */,
				562D78CE2236EDB400CDA9EC /* Search */,
				56094E7C223549A500635453 /* Apps */,
				56AAF6E6222B152B006F508E /* BaseTabBarController.swift */,
				56094E7F22354A4300635453 /* BaseListController.swift */,
				56504905223D3FDE002BADA1 /* HorizontalSnappingController.swift */,
			);
			path = Controllers;
			sourceTree = "<group>";
		};
		56F4A18F22404D4500E8D64B /* Details */ = {
			isa = PBXGroup;
			children = (
				56F4A19022404D5200E8D64B /* AppDetailCell.swift */,
				563B2CBE2243E5A100419364 /* AppPreviewCell.swift */,
				56957C88224726DD00355DDD /* ReviewRollCell.swift */,
				564F7EF422456CB9001A636E /* ScreenshotCell.swift */,
				56957C8C22472D5F00355DDD /* ReviewCell.swift */,
			);
			path = Details;
			sourceTree = "<group>";
		};
		84FC94B48C2C06E5F602601B /* Pods */ = {
			isa = PBXGroup;
			children = (
				773C7A5C240A87A3DD8BFE98 /* Pods-VAppStore.debug.xcconfig */,
				000183414F9620A9748E22DE /* Pods-VAppStore.release.xcconfig */,
			);
			name = Pods;
			sourceTree = "<group>";
		};
		B24C95A5961BDC4B47C29B28 /* Frameworks */ = {
			isa = PBXGroup;
			children = (
				6573B21A7C4BF83A77EC4791 /* Pods_VAppStore.framework */,
			);
			name = Frameworks;
			sourceTree = "<group>";
		};
/* End PBXGroup section */

/* Begin PBXNativeTarget section */
		56AAF6D0222B144F006F508E /* VAppStore */ = {
			isa = PBXNativeTarget;
			buildConfigurationList = 56AAF6E3222B1450006F508E /* Build configuration list for PBXNativeTarget "VAppStore" */;
			buildPhases = (
				D8EF0A8D5C0BD1C319DB03C2 /* [CP] Check Pods Manifest.lock */,
				56AAF6CD222B144F006F508E /* Sources */,
				56AAF6CE222B144F006F508E /* Frameworks */,
				56AAF6CF222B144F006F508E /* Resources */,
				B6AD24360D97652CFEDAC0BA /* [CP] Embed Pods Frameworks */,
			);
			buildRules = (
			);
			dependencies = (
			);
			name = VAppStore;
			productName = VAppStore;
			productReference = 56AAF6D1222B144F006F508E /* VAppStore.app */;
			productType = "com.apple.product-type.application";
		};
/* End PBXNativeTarget section */

/* Begin PBXProject section */
		56AAF6C9222B144F006F508E /* Project object */ = {
			isa = PBXProject;
			attributes = {
				LastSwiftUpdateCheck = 1010;
				LastUpgradeCheck = 1010;
				ORGANIZATIONNAME = "Victor Chang";
				TargetAttributes = {
					56AAF6D0222B144F006F508E = {
						CreatedOnToolsVersion = 10.1;
					};
				};
			};
			buildConfigurationList = 56AAF6CC222B144F006F508E /* Build configuration list for PBXProject "VAppStore" */;
			compatibilityVersion = "Xcode 9.3";
			developmentRegion = en;
			hasScannedForEncodings = 0;
			knownRegions = (
				en,
				Base,
			);
			mainGroup = 56AAF6C8222B144F006F508E;
			productRefGroup = 56AAF6D2222B144F006F508E /* Products */;
			projectDirPath = "";
			projectRoot = "";
			targets = (
				56AAF6D0222B144F006F508E /* VAppStore */,
			);
		};
/* End PBXProject section */

/* Begin PBXResourcesBuildPhase section */
		56AAF6CF222B144F006F508E /* Resources */ = {
			isa = PBXResourcesBuildPhase;
			buildActionMask = 2147483647;
			files = (
				56AAF6DF222B1450006F508E /* LaunchScreen.storyboard in Resources */,
				56AAF6DC222B1450006F508E /* Assets.xcassets in Resources */,
				56AAF6DA222B144F006F508E /* Main.storyboard in Resources */,
			);
			runOnlyForDeploymentPostprocessing = 0;
		};
/* End PBXResourcesBuildPhase section */

/* Begin PBXShellScriptBuildPhase section */
		B6AD24360D97652CFEDAC0BA /* [CP] Embed Pods Frameworks */ = {
			isa = PBXShellScriptBuildPhase;
			buildActionMask = 2147483647;
			files = (
			);
			inputFileListPaths = (
			);
			inputPaths = (
				"${SRCROOT}/Pods/Target Support Files/Pods-VAppStore/Pods-VAppStore-frameworks.sh",
				"${BUILT_PRODUCTS_DIR}/SDWebImage/SDWebImage.framework",
			);
			name = "[CP] Embed Pods Frameworks";
			outputFileListPaths = (
			);
			outputPaths = (
				"${TARGET_BUILD_DIR}/${FRAMEWORKS_FOLDER_PATH}/SDWebImage.framework",
			);
			runOnlyForDeploymentPostprocessing = 0;
			shellPath = /bin/sh;
			shellScript = "\"${SRCROOT}/Pods/Target Support Files/Pods-VAppStore/Pods-VAppStore-frameworks.sh\"\n";
			showEnvVarsInLog = 0;
		};
		D8EF0A8D5C0BD1C319DB03C2 /* [CP] Check Pods Manifest.lock */ = {
			isa = PBXShellScriptBuildPhase;
			buildActionMask = 2147483647;
			files = (
			);
			inputFileListPaths = (
			);
			inputPaths = (
				"${PODS_PODFILE_DIR_PATH}/Podfile.lock",
				"${PODS_ROOT}/Manifest.lock",
			);
			name = "[CP] Check Pods Manifest.lock";
			outputFileListPaths = (
			);
			outputPaths = (
				"$(DERIVED_FILE_DIR)/Pods-VAppStore-checkManifestLockResult.txt",
			);
			runOnlyForDeploymentPostprocessing = 0;
			shellPath = /bin/sh;
			shellScript = "diff \"${PODS_PODFILE_DIR_PATH}/Podfile.lock\" \"${PODS_ROOT}/Manifest.lock\" > /dev/null\nif [ $? != 0 ] ; then\n    # print error to STDERR\n    echo \"error: The sandbox is not in sync with the Podfile.lock. Run 'pod install' or update your CocoaPods installation.\" >&2\n    exit 1\nfi\n# This output is used by Xcode 'outputs' to avoid re-running this script phase.\necho \"SUCCESS\" > \"${SCRIPT_OUTPUT_FILE_0}\"\n";
			showEnvVarsInLog = 0;
		};
/* End PBXShellScriptBuildPhase section */

/* Begin PBXSourcesBuildPhase section */
		56AAF6CD222B144F006F508E /* Sources */ = {
			isa = PBXSourcesBuildPhase;
			buildActionMask = 2147483647;
			files = (
				56AAF6D7222B144F006F508E /* ViewController.swift in Sources */,
				56957C8D22472D5F00355DDD /* ReviewCell.swift in Sources */,
				56504908223D46E4002BADA1 /* BetterSnappingLayout.swift in Sources */,
				562D78D12236EF2D00CDA9EC /* AppsGroupCell.swift in Sources */,
				56DC49CB2239565900663B97 /* SocialApp.swift in Sources */,
				56AAF6D5222B144F006F508E /* AppDelegate.swift in Sources */,
				56B774572237FAC600EF6FC7 /* AppGroup.swift in Sources */,
				56957C89224726DD00355DDD /* ReviewRollCell.swift in Sources */,
				5686225D225904D6009777D1 /* AppFullScreenController.swift in Sources */,
				5686225B2258F4A5009777D1 /* TodayCell.swift in Sources */,
				5679587B222ED10100A8353A /* SearchResult.swift in Sources */,
				56EDB1552237237700577ACC /* AppsHeaderCell.swift in Sources */,
				56094E7E223549B700635453 /* AppsPageController.swift in Sources */,
				56A63FEC222C35510019F9AD /* UIView+Layout.swift in Sources */,
				56F4A19122404D5200E8D64B /* AppDetailCell.swift in Sources */,
				56EDB14D223712D500577ACC /* AppRowCell.swift in Sources */,
				564F7EF322456768001A636E /* PreviewScreenshotsController.swift in Sources */,
				56094E8022354A4300635453 /* BaseListController.swift in Sources */,
				56AAF6E7222B152B006F508E /* BaseTabBarController.swift in Sources */,
				56EDB15122371EDC00577ACC /* AppsPageHeader.swift in Sources */,
				5616A8BD22303B0900B34A64 /* Service.swift in Sources */,
				56957C8B22472B1800355DDD /* ReviewsController.swift in Sources */,
				56EDB14F2237137F00577ACC /* Extensions.swift in Sources */,
				568622582258F420009777D1 /* TodayController.swift in Sources */,
				56AAF6EA222B2BA9006F508E /* AppSearchController.swift in Sources */,
				56A63FE9222C1FB40019F9AD /* SearchResultCell.swift in Sources */,
				5681F7802247DC8F00D97D30 /* Reviews.swift in Sources */,
				564F7EF522456CB9001A636E /* ScreenshotCell.swift in Sources */,
				563B2CBF2243E5A100419364 /* AppPreviewCell.swift in Sources */,
				56908780223E9737001658F0 /* AppDetailController.swift in Sources */,
				5686225F22590935009777D1 /* AppFullScreenDescriptionCell.swift in Sources */,
				56504906223D3FDE002BADA1 /* HorizontalSnappingController.swift in Sources */,
				562D78D32236FCB200CDA9EC /* AppsHorizontalController.swift in Sources */,
				56A63FEE222C3A440019F9AD /* VerticalStackView.swift in Sources */,
				56EDB153223721C700577ACC /* AppsHeaderHorizontalController.swift in Sources */,
			);
			runOnlyForDeploymentPostprocessing = 0;
		};
/* End PBXSourcesBuildPhase section */

/* Begin PBXVariantGroup section */
		56AAF6D8222B144F006F508E /* Main.storyboard */ = {
			isa = PBXVariantGroup;
			children = (
				56AAF6D9222B144F006F508E /* Base */,
			);
			name = Main.storyboard;
			sourceTree = "<group>";
		};
		56AAF6DD222B1450006F508E /* LaunchScreen.storyboard */ = {
			isa = PBXVariantGroup;
			children = (
				56AAF6DE222B1450006F508E /* Base */,
			);
			name = LaunchScreen.storyboard;
			sourceTree = "<group>";
		};
/* End PBXVariantGroup section */

/* Begin XCBuildConfiguration section */
		56AAF6E1222B1450006F508E /* Debug */ = {
			isa = XCBuildConfiguration;
			buildSettings = {
				ALWAYS_SEARCH_USER_PATHS = NO;
				CLANG_ANALYZER_NONNULL = YES;
				CLANG_ANALYZER_NUMBER_OBJECT_CONVERSION = YES_AGGRESSIVE;
				CLANG_CXX_LANGUAGE_STANDARD = "gnu++14";
				CLANG_CXX_LIBRARY = "libc++";
				CLANG_ENABLE_MODULES = YES;
				CLANG_ENABLE_OBJC_ARC = YES;
				CLANG_ENABLE_OBJC_WEAK = YES;
				CLANG_WARN_BLOCK_CAPTURE_AUTORELEASING = YES;
				CLANG_WARN_BOOL_CONVERSION = YES;
				CLANG_WARN_COMMA = YES;
				CLANG_WARN_CONSTANT_CONVERSION = YES;
				CLANG_WARN_DEPRECATED_OBJC_IMPLEMENTATIONS = YES;
				CLANG_WARN_DIRECT_OBJC_ISA_USAGE = YES_ERROR;
				CLANG_WARN_DOCUMENTATION_COMMENTS = YES;
				CLANG_WARN_EMPTY_BODY = YES;
				CLANG_WARN_ENUM_CONVERSION = YES;
				CLANG_WARN_INFINITE_RECURSION = YES;
				CLANG_WARN_INT_CONVERSION = YES;
				CLANG_WARN_NON_LITERAL_NULL_CONVERSION = YES;
				CLANG_WARN_OBJC_IMPLICIT_RETAIN_SELF = YES;
				CLANG_WARN_OBJC_LITERAL_CONVERSION = YES;
				CLANG_WARN_OBJC_ROOT_CLASS = YES_ERROR;
				CLANG_WARN_RANGE_LOOP_ANALYSIS = YES;
				CLANG_WARN_STRICT_PROTOTYPES = YES;
				CLANG_WARN_SUSPICIOUS_MOVE = YES;
				CLANG_WARN_UNGUARDED_AVAILABILITY = YES_AGGRESSIVE;
				CLANG_WARN_UNREACHABLE_CODE = YES;
				CLANG_WARN__DUPLICATE_METHOD_MATCH = YES;
				CODE_SIGN_IDENTITY = "iPhone Developer";
				COPY_PHASE_STRIP = NO;
				DEBUG_INFORMATION_FORMAT = dwarf;
				ENABLE_STRICT_OBJC_MSGSEND = YES;
				ENABLE_TESTABILITY = YES;
				GCC_C_LANGUAGE_STANDARD = gnu11;
				GCC_DYNAMIC_NO_PIC = NO;
				GCC_NO_COMMON_BLOCKS = YES;
				GCC_OPTIMIZATION_LEVEL = 0;
				GCC_PREPROCESSOR_DEFINITIONS = (
					"DEBUG=1",
					"$(inherited)",
				);
				GCC_WARN_64_TO_32_BIT_CONVERSION = YES;
				GCC_WARN_ABOUT_RETURN_TYPE = YES_ERROR;
				GCC_WARN_UNDECLARED_SELECTOR = YES;
				GCC_WARN_UNINITIALIZED_AUTOS = YES_AGGRESSIVE;
				GCC_WARN_UNUSED_FUNCTION = YES;
				GCC_WARN_UNUSED_VARIABLE = YES;
				IPHONEOS_DEPLOYMENT_TARGET = 12.1;
				MTL_ENABLE_DEBUG_INFO = INCLUDE_SOURCE;
				MTL_FAST_MATH = YES;
				ONLY_ACTIVE_ARCH = YES;
				SDKROOT = iphoneos;
				SWIFT_ACTIVE_COMPILATION_CONDITIONS = DEBUG;
				SWIFT_OPTIMIZATION_LEVEL = "-Onone";
			};
			name = Debug;
		};
		56AAF6E2222B1450006F508E /* Release */ = {
			isa = XCBuildConfiguration;
			buildSettings = {
				ALWAYS_SEARCH_USER_PATHS = NO;
				CLANG_ANALYZER_NONNULL = YES;
				CLANG_ANALYZER_NUMBER_OBJECT_CONVERSION = YES_AGGRESSIVE;
				CLANG_CXX_LANGUAGE_STANDARD = "gnu++14";
				CLANG_CXX_LIBRARY = "libc++";
				CLANG_ENABLE_MODULES = YES;
				CLANG_ENABLE_OBJC_ARC = YES;
				CLANG_ENABLE_OBJC_WEAK = YES;
				CLANG_WARN_BLOCK_CAPTURE_AUTORELEASING = YES;
				CLANG_WARN_BOOL_CONVERSION = YES;
				CLANG_WARN_COMMA = YES;
				CLANG_WARN_CONSTANT_CONVERSION = YES;
				CLANG_WARN_DEPRECATED_OBJC_IMPLEMENTATIONS = YES;
				CLANG_WARN_DIRECT_OBJC_ISA_USAGE = YES_ERROR;
				CLANG_WARN_DOCUMENTATION_COMMENTS = YES;
				CLANG_WARN_EMPTY_BODY = YES;
				CLANG_WARN_ENUM_CONVERSION = YES;
				CLANG_WARN_INFINITE_RECURSION = YES;
				CLANG_WARN_INT_CONVERSION = YES;
				CLANG_WARN_NON_LITERAL_NULL_CONVERSION = YES;
				CLANG_WARN_OBJC_IMPLICIT_RETAIN_SELF = YES;
				CLANG_WARN_OBJC_LITERAL_CONVERSION = YES;
				CLANG_WARN_OBJC_ROOT_CLASS = YES_ERROR;
				CLANG_WARN_RANGE_LOOP_ANALYSIS = YES;
				CLANG_WARN_STRICT_PROTOTYPES = YES;
				CLANG_WARN_SUSPICIOUS_MOVE = YES;
				CLANG_WARN_UNGUARDED_AVAILABILITY = YES_AGGRESSIVE;
				CLANG_WARN_UNREACHABLE_CODE = YES;
				CLANG_WARN__DUPLICATE_METHOD_MATCH = YES;
				CODE_SIGN_IDENTITY = "iPhone Developer";
				COPY_PHASE_STRIP = NO;
				DEBUG_INFORMATION_FORMAT = "dwarf-with-dsym";
				ENABLE_NS_ASSERTIONS = NO;
				ENABLE_STRICT_OBJC_MSGSEND = YES;
				GCC_C_LANGUAGE_STANDARD = gnu11;
				GCC_NO_COMMON_BLOCKS = YES;
				GCC_WARN_64_TO_32_BIT_CONVERSION = YES;
				GCC_WARN_ABOUT_RETURN_TYPE = YES_ERROR;
				GCC_WARN_UNDECLARED_SELECTOR = YES;
				GCC_WARN_UNINITIALIZED_AUTOS = YES_AGGRESSIVE;
				GCC_WARN_UNUSED_FUNCTION = YES;
				GCC_WARN_UNUSED_VARIABLE = YES;
				IPHONEOS_DEPLOYMENT_TARGET = 12.1;
				MTL_ENABLE_DEBUG_INFO = NO;
				MTL_FAST_MATH = YES;
				SDKROOT = iphoneos;
				SWIFT_COMPILATION_MODE = wholemodule;
				SWIFT_OPTIMIZATION_LEVEL = "-O";
				VALIDATE_PRODUCT = YES;
			};
			name = Release;
		};
		56AAF6E4222B1450006F508E /* Debug */ = {
			isa = XCBuildConfiguration;
			baseConfigurationReference = 773C7A5C240A87A3DD8BFE98 /* Pods-VAppStore.debug.xcconfig */;
			buildSettings = {
				ASSETCATALOG_COMPILER_APPICON_NAME = AppIcon;
				CODE_SIGN_STYLE = Automatic;
				INFOPLIST_FILE = VAppStore/Info.plist;
				LD_RUNPATH_SEARCH_PATHS = (
					"$(inherited)",
					"@executable_path/Frameworks",
				);
				PRODUCT_BUNDLE_IDENTIFIER = com.VictorChang.VAppStore;
				PRODUCT_NAME = "$(TARGET_NAME)";
				SWIFT_VERSION = 4.2;
				TARGETED_DEVICE_FAMILY = "1,2";
			};
			name = Debug;
		};
		56AAF6E5222B1450006F508E /* Release */ = {
			isa = XCBuildConfiguration;
			baseConfigurationReference = 000183414F9620A9748E22DE /* Pods-VAppStore.release.xcconfig */;
			buildSettings = {
				ASSETCATALOG_COMPILER_APPICON_NAME = AppIcon;
				CODE_SIGN_STYLE = Automatic;
				INFOPLIST_FILE = VAppStore/Info.plist;
				LD_RUNPATH_SEARCH_PATHS = (
					"$(inherited)",
					"@executable_path/Frameworks",
				);
				PRODUCT_BUNDLE_IDENTIFIER = com.VictorChang.VAppStore;
				PRODUCT_NAME = "$(TARGET_NAME)";
				SWIFT_VERSION = 4.2;
				TARGETED_DEVICE_FAMILY = "1,2";
			};
			name = Release;
		};
/* End XCBuildConfiguration section */

/* Begin XCConfigurationList section */
		56AAF6CC222B144F006F508E /* Build configuration list for PBXProject "VAppStore" */ = {
			isa = XCConfigurationList;
			buildConfigurations = (
				56AAF6E1222B1450006F508E /* Debug */,
				56AAF6E2222B1450006F508E /* Release */,
			);
			defaultConfigurationIsVisible = 0;
			defaultConfigurationName = Release;
		};
		56AAF6E3222B1450006F508E /* Build configuration list for PBXNativeTarget "VAppStore" */ = {
			isa = XCConfigurationList;
			buildConfigurations = (
				56AAF6E4222B1450006F508E /* Debug */,
				56AAF6E5222B1450006F508E /* Release */,
			);
			defaultConfigurationIsVisible = 0;
			defaultConfigurationName = Release;
		};
/* End XCConfigurationList section */
	};
	rootObject = 56AAF6C9222B144F006F508E /* Project object */;
}
